
Microsoft Visual Studio Solution File, Format Version 12.00
# Visual Studio Version 16
VisualStudioVersion = 16.0.31702.278
MinimumVisualStudioVersion = 10.0.40219.1
Project("{9A19103F-16F7-4668-BE54-9A1E7A4F7556}") = "App.Turistando.Service", "App.Turistando.Service\App.Turistando.Service.csproj", "{69DD6D52-B061-436F-9DF1-47C05980CF23}"
EndProject
Project("{FAE04EC0-301F-11D3-BF4B-00C04F79EFBC}") = "App.Turistando.Logic", "App.Turistando.Logic\App.Turistando.Logic.csproj", "{3AD938CA-4E8B-43AE-9A51-FAEF14BB923B}"
EndProject
Project("{FAE04EC0-301F-11D3-BF4B-00C04F79EFBC}") = "App.Turistando.Database", "App.Turistando.Database\App.Turistando.Database.csproj", "{C92BC31E-7111-4C28-9F95-83A11F3984D0}"
EndProject
Project("{FAE04EC0-301F-11D3-BF4B-00C04F79EFBC}") = "App.Turistando.Utils", "App.Turistando.Utils\App.Turistando.Utils.csproj", "{435FC698-FD36-4437-9801-5094448809E1}"
EndProject
Project("{FAE04EC0-301F-11D3-BF4B-00C04F79EFBC}") = "App.Turistando.DependencyInjections", "App.Turistando.DependencyInjections\App.Turistando.DependencyInjections.csproj", "{1F1B944B-231C-4B68-AD06-A2E761EA649D}"
EndProject
Global
	GlobalSection(SolutionConfigurationPlatforms) = preSolution
		Debug|Any CPU = Debug|Any CPU
		Release|Any CPU = Release|Any CPU
	EndGlobalSection
	GlobalSection(ProjectConfigurationPlatforms) = postSolution
		{69DD6D52-B061-436F-9DF1-47C05980CF23}.Debug|Any CPU.ActiveCfg = Debug|Any CPU
		{69DD6D52-B061-436F-9DF1-47C05980CF23}.Debug|Any CPU.Build.0 = Debug|Any CPU
		{69DD6D52-B061-436F-9DF1-47C05980CF23}.Release|Any CPU.ActiveCfg = Release|Any CPU
		{69DD6D52-B061-436F-9DF1-47C05980CF23}.Release|Any CPU.Build.0 = Release|Any CPU
		{3AD938CA-4E8B-43AE-9A51-FAEF14BB923B}.Debug|Any CPU.ActiveCfg = Debug|Any CPU
		{3AD938CA-4E8B-43AE-9A51-FAEF14BB923B}.Debug|Any CPU.Build.0 = Debug|Any CPU
		{3AD938CA-4E8B-43AE-9A51-FAEF14BB923B}.Release|Any CPU.ActiveCfg = Release|Any CPU
		{3AD938CA-4E8B-43AE-9A51-FAEF14BB923B}.Release|Any CPU.Build.0 = Release|Any CPU
		{C92BC31E-7111-4C28-9F95-83A11F3984D0}.Debug|Any CPU.ActiveCfg = Debug|Any CPU
		{C92BC31E-7111-4C28-9F95-83A11F3984D0}.Debug|Any CPU.Build.0 = Debug|Any CPU
		{C92BC31E-7111-4C28-9F95-83A11F3984D0}.Release|Any CPU.ActiveCfg = Release|Any CPU
		{C92BC31E-7111-4C28-9F95-83A11F3984D0}.Release|Any CPU.Build.0 = Release|Any CPU
		{435FC698-FD36-4437-9801-5094448809E1}.Debug|Any CPU.ActiveCfg = Debug|Any CPU
		{435FC698-FD36-4437-9801-5094448809E1}.Debug|Any CPU.Build.0 = Debug|Any CPU
		{435FC698-FD36-4437-9801-5094448809E1}.Release|Any CPU.ActiveCfg = Release|Any CPU
		{435FC698-FD36-4437-9801-5094448809E1}.Release|Any CPU.Build.0 = Release|Any CPU
		{1F1B944B-231C-4B68-AD06-A2E761EA649D}.Debug|Any CPU.ActiveCfg = Debug|Any CPU
		{1F1B944B-231C-4B68-AD06-A2E761EA649D}.Debug|Any CPU.Build.0 = Debug|Any CPU
		{1F1B944B-231C-4B68-AD06-A2E761EA649D}.Release|Any CPU.ActiveCfg = Release|Any CPU
		{1F1B944B-231C-4B68-AD06-A2E761EA649D}.Release|Any CPU.Build.0 = Release|Any CPU
	EndGlobalSection
	GlobalSection(SolutionProperties) = preSolution
		HideSolutionNode = FALSE
	EndGlobalSection
	GlobalSection(ExtensibilityGlobals) = postSolution
		SolutionGuid = {6BB5DB3D-A5C0-4603-9936-4C1E3C196DCC}
	EndGlobalSection
EndGlobal
